<?xml version="1.0" encoding="UTF-8" standalone="yes" ?>
<CodeBlocks_project_file>
	<FileVersion major="1" minor="6" />
	<Project>
		<Option title="cgame" />
		<Option pch_mode="2" />
		<Option compiler="gcc" />
		<Build>
			<Target title="Win32 Release">
				<Option output="../Release/cgamex86" prefix_auto="1" extension_auto="1" />
				<Option object_output="Release" />
				<Option type="3" />
				<Option compiler="gcc" />
				<Option createDefFile="1" />
				<Option createStaticLib="1" />
				<Compiler>
					<Add option="-W" />
					<Add option="-fexceptions" />
					<Add option="-O2" />
					<Add option="-DWIN32" />
					<Add option="-DNDEBUG" />
					<Add option="-D_WINDOWS" />
					<Add option="-mcpu=pentiumpro -D_M_IX86=600" />
					<Add option="-Wall" />
				</Compiler>
				<Linker>
					<Add option="--image-base 0x30000000" />
					<Add library="kernel32" />
					<Add library="user32" />
					<Add library="gdi32" />
					<Add library="winspool" />
					<Add library="comdlg32" />
					<Add library="advapi32" />
					<Add library="shell32" />
					<Add library="ole32" />
					<Add library="oleaut32" />
					<Add library="uuid" />
					<Add library="odbc32" />
					<Add library="odbccp32" />
				</Linker>
			</Target>
			<Target title="Win32 Debug">
				<Option output="../Debug/cgamex86" prefix_auto="1" extension_auto="1" />
				<Option object_output="Debug" />
				<Option type="3" />
				<Option compiler="gcc" />
				<Option createDefFile="1" />
				<Option createStaticLib="1" />
				<Compiler>
					<Add option="-W" />
					<Add option="-fexceptions" />
					<Add option="-g" />
					<Add option="-DWIN32" />
					<Add option="-D_DEBUG" />
					<Add option="-D_WINDOWS" />
					<Add option="-mcpu=pentium -D_M_IX86=500" />
				</Compiler>
				<Linker>
					<Add option="--image-base 0x30000000" />
					<Add library="kernel32" />
					<Add library="user32" />
					<Add library="gdi32" />
					<Add library="winspool" />
					<Add library="comdlg32" />
					<Add library="advapi32" />
					<Add library="shell32" />
					<Add library="ole32" />
					<Add library="oleaut32" />
					<Add library="uuid" />
					<Add library="odbc32" />
					<Add library="odbccp32" />
				</Linker>
			</Target>
			<Target title="Win32 Release TA">
				<Option output="../Release_TA/cgamex86" prefix_auto="1" extension_auto="1" />
				<Option object_output="Release_TA" />
				<Option type="3" />
				<Option compiler="gcc" />
				<Option createDefFile="1" />
				<Option createStaticLib="1" />
				<Compiler>
					<Add option="-mcpu=pentiumpro -D_M_IX86=600" />
					<Add option="-Wall" />
					<Add option="-fexceptions" />
					<Add option="-O2" />
					<Add option="-DWIN32" />
					<Add option="-DNDEBUG" />
					<Add option="-D_WINDOWS" />
					<Add option="-DMISSIONPACK" />
				</Compiler>
				<Linker>
					<Add option="--image-base 0x30000000" />
				</Linker>
			</Target>
			<Target title="Win32 Debug TA">
				<Option output="../Debug_TA/cgamex86" prefix_auto="1" extension_auto="1" />
				<Option object_output="Debug_TA" />
				<Option type="3" />
				<Option compiler="gcc" />
				<Option createDefFile="1" />
				<Option createStaticLib="1" />
				<Compiler>
					<Add option="-mcpu=pentium -D_M_IX86=500" />
					<Add option="-W" />
					<Add option="-fexceptions" />
					<Add option="-g" />
					<Add option="-DWIN32" />
					<Add option="-D_DEBUG" />
					<Add option="-D_WINDOWS" />
					<Add option="-DMISSIONPACK" />
				</Compiler>
				<Linker>
					<Add option="--image-base 0x30000000" />
				</Linker>
			</Target>
		</Build>
		<Unit filename="../game/bg_lib.c">
			<Option compilerVar="CC" />
			<Option target="&lt;{~None~}&gt;" />
		</Unit>
		<Unit filename="../game/bg_misc.c">
			<Option compilerVar="CC" />
		</Unit>
		<Unit filename="../game/bg_pmove.c">
			<Option compilerVar="CC" />
		</Unit>
		<Unit filename="../game/bg_slidemove.c">
			<Option compilerVar="CC" />
		</Unit>
		<Unit filename="cg_consolecmds.c">
			<Option compilerVar="CC" />
		</Unit>
		<Unit filename="cg_draw.c">
			<Option compilerVar="CC" />
		</Unit>
		<Unit filename="cg_drawtools.c">
			<Option compilerVar="CC" />
		</Unit>
		<Unit filename="cg_effects.c">
			<Option compilerVar="CC" />
		</Unit>
		<Unit filename="cg_ents.c">
			<Option compilerVar="CC" />
		</Unit>
		<Unit filename="cg_event.c">
			<Option compilerVar="CC" />
		</Unit>
		<Unit filename="cg_info.c">
			<Option compilerVar="CC" />
		</Unit>
		<Unit filename="cg_localents.c">
			<Option compilerVar="CC" />
		</Unit>
		<Unit filename="cg_main.c">
			<Option compilerVar="CC" />
		</Unit>
		<Unit filename="cg_marks.c">
			<Option compilerVar="CC" />
		</Unit>
		<Unit filename="cg_newDraw.c">
			<Option compilerVar="CC" />
			<Option target="Win32 Release TA" />
			<Option target="Win32 Debug TA" />
		</Unit>
		<Unit filename="cg_players.c">
			<Option compilerVar="CC" />
		</Unit>
		<Unit filename="cg_playerstate.c">
			<Option compilerVar="CC" />
		</Unit>
		<Unit filename="cg_predict.c">
			<Option compilerVar="CC" />
		</Unit>
		<Unit filename="cg_scoreboard.c">
			<Option compilerVar="CC" />
		</Unit>
		<Unit filename="cg_servercmds.c">
			<Option compilerVar="CC" />
		</Unit>
		<Unit filename="cg_snapshot.c">
			<Option compilerVar="CC" />
		</Unit>
		<Unit filename="cg_syscalls.c">
			<Option compilerVar="CC" />
		</Unit>
		<Unit filename="cg_view.c">
			<Option compilerVar="CC" />
		</Unit>
		<Unit filename="cg_weapons.c">
			<Option compilerVar="CC" />
		</Unit>
		<Unit filename="../game/q_math.c">
			<Option compilerVar="CC" />
		</Unit>
		<Unit filename="../game/q_shared.c">
			<Option compilerVar="CC" />
		</Unit>
		<Unit filename="../ui/ui_shared.c">
			<Option compilerVar="CC" />
		</Unit>
		<Unit filename="../game/bg_public.h" />
		<Unit filename="cg_local.h" />
		<Unit filename="cg_public.h" />
		<Unit filename="../game/q_shared.h" />
		<Unit filename="../game/surfaceflags.h" />
		<Unit filename="cgame.def">
			<Option target="Win32 Release" />
			<Option target="Win32 Debug" />
			<Option target="Win32 Release TA" />
		</Unit>
		<Extensions>
			<code_completion />
			<debugger />
		</Extensions>
	</Project>
</CodeBlocks_project_file>
